
Microsoft Visual Studio Solution File, Format Version 12.00
# Visual Studio 15
VisualStudioVersion = 15.0.27428.2015
MinimumVisualStudioVersion = 10.0.40219.1
Project("{FAE04EC0-301F-11D3-BF4B-00C04F79EFBC}") = "WindowsFormsApp4", "..\..\source\repos\WindowsFormsApp4\WindowsFormsApp4\WindowsFormsApp4.csproj", "{A10FFC20-B095-423C-A358-B88074D86D4C}"
EndProject
Global
	GlobalSection(SolutionConfigurationPlatforms) = preSolution
		Debug|Any CPU = Debug|Any CPU
		Release|Any CPU = Release|Any CPU
	EndGlobalSection
	GlobalSection(ProjectConfigurationPlatforms) = postSolution
		{A10FFC20-B095-423C-A358-B88074D86D4C}.Debug|Any CPU.ActiveCfg = Debug|Any CPU
		{A10FFC20-B095-423C-A358-B88074D86D4C}.Debug|Any CPU.Build.0 = Debug|Any CPU
		{A10FFC20-B095-423C-A358-B88074D86D4C}.Release|Any CPU.ActiveCfg = Release|Any CPU
		{A10FFC20-B095-423C-A358-B88074D86D4C}.Release|Any CPU.Build.0 = Release|Any CPU
	EndGlobalSection
	GlobalSection(SolutionProperties) = preSolution
		HideSolutionNode = FALSE
	EndGlobalSection
	GlobalSection(ExtensibilityGlobals) = postSolution
		SolutionGuid = {C7674D4D-3490-466E-A792-6525B6AD8C20}
	EndGlobalSection
EndGlobal
